
Microsoft Visual Studio Solution File, Format Version 12.00
# Visual Studio Version 16
VisualStudioVersion = 16.0.31402.337
MinimumVisualStudioVersion = 10.0.40219.1
Project("{FAE04EC0-301F-11D3-BF4B-00C04F79EFBC}") = "Servipol", "Servipol\Servipol.csproj", "{87361677-6079-48B6-AB3F-03A55759F123}"
EndProject
Project("{FAE04EC0-301F-11D3-BF4B-00C04F79EFBC}") = "ServipolConfig", "ServipolConfig\ServipolConfig.csproj", "{16A813A8-F8B4-47C7-946A-62791AD9A581}"
EndProject
Global
	GlobalSection(SolutionConfigurationPlatforms) = preSolution
		Debug|Any CPU = Debug|Any CPU
		Release|Any CPU = Release|Any CPU
	EndGlobalSection
	GlobalSection(ProjectConfigurationPlatforms) = postSolution
		{87361677-6079-48B6-AB3F-03A55759F123}.Debug|Any CPU.ActiveCfg = Debug|Any CPU
		{87361677-6079-48B6-AB3F-03A55759F123}.Debug|Any CPU.Build.0 = Debug|Any CPU
		{87361677-6079-48B6-AB3F-03A55759F123}.Release|Any CPU.ActiveCfg = Release|Any CPU
		{87361677-6079-48B6-AB3F-03A55759F123}.Release|Any CPU.Build.0 = Release|Any CPU
		{16A813A8-F8B4-47C7-946A-62791AD9A581}.Debug|Any CPU.ActiveCfg = Debug|Any CPU
		{16A813A8-F8B4-47C7-946A-62791AD9A581}.Debug|Any CPU.Build.0 = Debug|Any CPU
		{16A813A8-F8B4-47C7-946A-62791AD9A581}.Release|Any CPU.ActiveCfg = Release|Any CPU
		{16A813A8-F8B4-47C7-946A-62791AD9A581}.Release|Any CPU.Build.0 = Release|Any CPU
	EndGlobalSection
	GlobalSection(SolutionProperties) = preSolution
		HideSolutionNode = FALSE
	EndGlobalSection
	GlobalSection(ExtensibilityGlobals) = postSolution
		SolutionGuid = {205D9757-4A61-44D7-987C-17B1A8FF9CE9}
	EndGlobalSection
EndGlobal
